
Microsoft Visual Studio Solution File, Format Version 12.00
# Visual Studio 15
VisualStudioVersion = 15.0.26403.7
MinimumVisualStudioVersion = 10.0.40219.1
Project("{FAE04EC0-301F-11D3-BF4B-00C04F79EFBC}") = "appium-csharp_first-test", "appium-csharp_first-test\appium-csharp_first-test.csproj", "{07A5808A-7C71-4C23-8EEC-D971CEA5F18E}"
EndProject
Global
	GlobalSection(SolutionConfigurationPlatforms) = preSolution
		Debug|Any CPU = Debug|Any CPU
		Release|Any CPU = Release|Any CPU
	EndGlobalSection
	GlobalSection(ProjectConfigurationPlatforms) = postSolution
		{07A5808A-7C71-4C23-8EEC-D971CEA5F18E}.Debug|Any CPU.ActiveCfg = Debug|Any CPU
		{07A5808A-7C71-4C23-8EEC-D971CEA5F18E}.Debug|Any CPU.Build.0 = Debug|Any CPU
		{07A5808A-7C71-4C23-8EEC-D971CEA5F18E}.Release|Any CPU.ActiveCfg = Release|Any CPU
		{07A5808A-7C71-4C23-8EEC-D971CEA5F18E}.Release|Any CPU.Build.0 = Release|Any CPU
	EndGlobalSection
	GlobalSection(SolutionProperties) = preSolution
		HideSolutionNode = FALSE
	EndGlobalSection
EndGlobal
